
Microsoft Visual Studio Solution File, Format Version 12.00
# Visual Studio Version 17
VisualStudioVersion = 17.12.35527.113
MinimumVisualStudioVersion = 10.0.40219.1
Project("{FAE04EC0-301F-11D3-BF4B-00C04F79EFBC}") = "WorkingWithFileSystems", "WorkingWithFileSystems\WorkingWithFileSystems.csproj", "{9C921E7A-C1D7-4A17-8FAC-D5E6CE1DC895}"
EndProject
Project("{FAE04EC0-301F-11D3-BF4B-00C04F79EFBC}") = "WorkingWithStreams", "WorkingWithStreams\WorkingWithStreams.csproj", "{6D88C07C-323B-4CB7-B23E-F19031AAB753}"
EndProject
Project("{FAE04EC0-301F-11D3-BF4B-00C04F79EFBC}") = "WorkingWithRandomAccessHandles", "WorkingWithRandomAccessHandles\WorkingWithRandomAccessHandles.csproj", "{AFA6ABAA-85B0-4E3A-9B20-E57AF7A89685}"
EndProject
Project("{FAE04EC0-301F-11D3-BF4B-00C04F79EFBC}") = "WorkingWithEncodings", "WorkingWithEncodings\WorkingWithEncodings.csproj", "{D9663304-B5E0-491D-AC96-BDDA7A05403E}"
EndProject
Project("{FAE04EC0-301F-11D3-BF4B-00C04F79EFBC}") = "WorkingWithSerialization", "WorkingWithSerialization\WorkingWithSerialization.csproj", "{654350A1-0CE8-4A83-95FF-01BCA453718D}"
EndProject
Project("{FAE04EC0-301F-11D3-BF4B-00C04F79EFBC}") = "ControllingJson", "ControllingJson\ControllingJson.csproj", "{34514B95-4CF0-40F0-823A-B8804D2B8DB9}"
EndProject
Project("{FAE04EC0-301F-11D3-BF4B-00C04F79EFBC}") = "WorkingWithEnvVars", "WorkingWithEnvVars\WorkingWithEnvVars.csproj", "{47B21888-961F-48BF-90CE-96BE00CBA32B}"
EndProject
Global
	GlobalSection(SolutionConfigurationPlatforms) = preSolution
		Debug|Any CPU = Debug|Any CPU
		Release|Any CPU = Release|Any CPU
	EndGlobalSection
	GlobalSection(ProjectConfigurationPlatforms) = postSolution
		{9C921E7A-C1D7-4A17-8FAC-D5E6CE1DC895}.Debug|Any CPU.ActiveCfg = Debug|Any CPU
		{9C921E7A-C1D7-4A17-8FAC-D5E6CE1DC895}.Debug|Any CPU.Build.0 = Debug|Any CPU
		{9C921E7A-C1D7-4A17-8FAC-D5E6CE1DC895}.Release|Any CPU.ActiveCfg = Release|Any CPU
		{9C921E7A-C1D7-4A17-8FAC-D5E6CE1DC895}.Release|Any CPU.Build.0 = Release|Any CPU
		{6D88C07C-323B-4CB7-B23E-F19031AAB753}.Debug|Any CPU.ActiveCfg = Debug|Any CPU
		{6D88C07C-323B-4CB7-B23E-F19031AAB753}.Debug|Any CPU.Build.0 = Debug|Any CPU
		{6D88C07C-323B-4CB7-B23E-F19031AAB753}.Release|Any CPU.ActiveCfg = Release|Any CPU
		{6D88C07C-323B-4CB7-B23E-F19031AAB753}.Release|Any CPU.Build.0 = Release|Any CPU
		{AFA6ABAA-85B0-4E3A-9B20-E57AF7A89685}.Debug|Any CPU.ActiveCfg = Debug|Any CPU
		{AFA6ABAA-85B0-4E3A-9B20-E57AF7A89685}.Debug|Any CPU.Build.0 = Debug|Any CPU
		{AFA6ABAA-85B0-4E3A-9B20-E57AF7A89685}.Release|Any CPU.ActiveCfg = Release|Any CPU
		{AFA6ABAA-85B0-4E3A-9B20-E57AF7A89685}.Release|Any CPU.Build.0 = Release|Any CPU
		{D9663304-B5E0-491D-AC96-BDDA7A05403E}.Debug|Any CPU.ActiveCfg = Debug|Any CPU
		{D9663304-B5E0-491D-AC96-BDDA7A05403E}.Debug|Any CPU.Build.0 = Debug|Any CPU
		{D9663304-B5E0-491D-AC96-BDDA7A05403E}.Release|Any CPU.ActiveCfg = Release|Any CPU
		{D9663304-B5E0-491D-AC96-BDDA7A05403E}.Release|Any CPU.Build.0 = Release|Any CPU
		{654350A1-0CE8-4A83-95FF-01BCA453718D}.Debug|Any CPU.ActiveCfg = Debug|Any CPU
		{654350A1-0CE8-4A83-95FF-01BCA453718D}.Debug|Any CPU.Build.0 = Debug|Any CPU
		{654350A1-0CE8-4A83-95FF-01BCA453718D}.Release|Any CPU.ActiveCfg = Release|Any CPU
		{654350A1-0CE8-4A83-95FF-01BCA453718D}.Release|Any CPU.Build.0 = Release|Any CPU
		{34514B95-4CF0-40F0-823A-B8804D2B8DB9}.Debug|Any CPU.ActiveCfg = Debug|Any CPU
		{34514B95-4CF0-40F0-823A-B8804D2B8DB9}.Debug|Any CPU.Build.0 = Debug|Any CPU
		{34514B95-4CF0-40F0-823A-B8804D2B8DB9}.Release|Any CPU.ActiveCfg = Release|Any CPU
		{34514B95-4CF0-40F0-823A-B8804D2B8DB9}.Release|Any CPU.Build.0 = Release|Any CPU
		{47B21888-961F-48BF-90CE-96BE00CBA32B}.Debug|Any CPU.ActiveCfg = Debug|Any CPU
		{47B21888-961F-48BF-90CE-96BE00CBA32B}.Debug|Any CPU.Build.0 = Debug|Any CPU
		{47B21888-961F-48BF-90CE-96BE00CBA32B}.Release|Any CPU.ActiveCfg = Release|Any CPU
		{47B21888-961F-48BF-90CE-96BE00CBA32B}.Release|Any CPU.Build.0 = Release|Any CPU
	EndGlobalSection
	GlobalSection(SolutionProperties) = preSolution
		HideSolutionNode = FALSE
	EndGlobalSection
EndGlobal
